
Microsoft Visual Studio Solution File, Format Version 12.00
# Visual Studio Version 17
VisualStudioVersion = 17.5.33516.290
MinimumVisualStudioVersion = 10.0.40219.1
Project("{FAE04EC0-301F-11D3-BF4B-00C04F79EFBC}") = "Fnd Game Launcher", "Fnd Game Launcher\Fnd Game Launcher.csproj", "{BE27C93D-D663-4FFA-8781-0F3BA0ECC75E}"
EndProject
Global
	GlobalSection(SolutionConfigurationPlatforms) = preSolution
		Debug|Any CPU = Debug|Any CPU
		Release|Any CPU = Release|Any CPU
	EndGlobalSection
	GlobalSection(ProjectConfigurationPlatforms) = postSolution
		{BE27C93D-D663-4FFA-8781-0F3BA0ECC75E}.Debug|Any CPU.ActiveCfg = Debug|Any CPU
		{BE27C93D-D663-4FFA-8781-0F3BA0ECC75E}.Debug|Any CPU.Build.0 = Debug|Any CPU
		{BE27C93D-D663-4FFA-8781-0F3BA0ECC75E}.Release|Any CPU.ActiveCfg = Release|Any CPU
		{BE27C93D-D663-4FFA-8781-0F3BA0ECC75E}.Release|Any CPU.Build.0 = Release|Any CPU
	EndGlobalSection
	GlobalSection(SolutionProperties) = preSolution
		HideSolutionNode = FALSE
	EndGlobalSection
	GlobalSection(ExtensibilityGlobals) = postSolution
		SolutionGuid = {B6C7A62B-4619-4BC2-A94D-165A13E600F0}
	EndGlobalSection
EndGlobal
